<?xml version="1.0" encoding="utf-8"?>
<Project ToolsVersion="4.0" xmlns="http://schemas.microsoft.com/developer/msbuild/2003">
  <ItemGroup>
    <Filter Include="源文件">
      <UniqueIdentifier>{4FC737F1-C7A5-4376-A066-2A32D752A2FF}</UniqueIdentifier>
      <Extensions>cpp;c;cc;cxx;def;odl;idl;hpj;bat;asm;asmx</Extensions>
    </Filter>
    <Filter Include="资源文件">
      <UniqueIdentifier>{67DA6AB6-F800-4c08-8B7A-83BB121AAD01}</UniqueIdentifier>
      <Extensions>rc;ico;cur;bmp;dlg;rc2;rct;bin;rgs;gif;jpg;jpeg;jpe;resx;tiff;tif;png;wav;mfcribbon-ms</Extensions>
    </Filter>
    <Filter Include="排序">
      <UniqueIdentifier>{c08df83b-0e00-4d0b-97e1-50ef99fe5db3}</UniqueIdentifier>
    </Filter>
    <Filter Include="剑指Offer">
      <UniqueIdentifier>{93995380-89BD-4b04-88EB-625FBE52EBFB}</UniqueIdentifier>
      <Extensions>h;hh;hpp;hxx;hm;inl;inc;ipp;xsd</Extensions>
    </Filter>
    <Filter Include="剑指Offer其他代码">
      <UniqueIdentifier>{a7891334-850a-4836-a4ae-88c64eb4303c}</UniqueIdentifier>
    </Filter>
  </ItemGroup>
  <ItemGroup>
    <ClCompile Include="main.cpp">
      <Filter>源文件</Filter>
    </ClCompile>
  </ItemGroup>
  <ItemGroup>
    <ClInclude Include="01_findInPartiallySortedMatrix.h">
      <Filter>剑指Offer</Filter>
    </ClInclude>
    <ClInclude Include="02_replaceBlank.h">
      <Filter>剑指Offer</Filter>
    </ClInclude>
    <ClInclude Include="03_printListFromTailToHead.h">
      <Filter>剑指Offer</Filter>
    </ClInclude>
    <ClInclude Include="01_buddleSort.h">
      <Filter>排序</Filter>
    </ClInclude>
    <ClInclude Include="02_directInsertSort.h">
      <Filter>排序</Filter>
    </ClInclude>
    <ClInclude Include="03_shellSort.h">
      <Filter>排序</Filter>
    </ClInclude>
    <ClInclude Include="04_selectSort.h">
      <Filter>排序</Filter>
    </ClInclude>
    <ClInclude Include="05_mergeSort.h">
      <Filter>排序</Filter>
    </ClInclude>
    <ClInclude Include="06_fastSort.h">
      <Filter>排序</Filter>
    </ClInclude>
    <ClInclude Include="07_heapSort.h">
      <Filter>排序</Filter>
    </ClInclude>
    <ClInclude Include="04_reConstructBinaryTree.h">
      <Filter>剑指Offer</Filter>
    </ClInclude>
    <ClInclude Include="05_twoStackAsQueue.h">
      <Filter>剑指Offer</Filter>
    </ClInclude>
    <ClInclude Include="00_testAllSort.h">
      <Filter>排序</Filter>
    </ClInclude>
    <ClInclude Include="06_minNumberInRotateArray.h">
      <Filter>剑指Offer</Filter>
    </ClInclude>
    <ClInclude Include="07_fibonacci.h">
      <Filter>剑指Offer</Filter>
    </ClInclude>
    <ClInclude Include="08_numberOf1.h">
      <Filter>剑指Offer</Filter>
    </ClInclude>
    <ClInclude Include="09_power.h">
      <Filter>剑指Offer</Filter>
    </ClInclude>
    <ClInclude Include="01_print1ToNOfMaxDigits.h">
      <Filter>剑指Offer其他代码</Filter>
    </ClInclude>
    <ClInclude Include="02_deletetNode.h">
      <Filter>剑指Offer其他代码</Filter>
    </ClInclude>
    <ClInclude Include="10_reorder.h">
      <Filter>剑指Offer</Filter>
    </ClInclude>
    <ClInclude Include="11_findKthToTail.h">
      <Filter>剑指Offer</Filter>
    </ClInclude>
    <ClInclude Include="12_reverseList.h">
      <Filter>剑指Offer</Filter>
    </ClInclude>
    <ClInclude Include="13_mergeOrderedList.h">
      <Filter>剑指Offer</Filter>
    </ClInclude>
    <ClInclude Include="14_hasSubTree.h">
      <Filter>剑指Offer</Filter>
    </ClInclude>
    <ClInclude Include="15_mirrorBinaryTree.h">
      <Filter>剑指Offer</Filter>
    </ClInclude>
    <ClInclude Include="16_printMatrixClockwisely.h">
      <Filter>剑指Offer</Filter>
    </ClInclude>
    <ClInclude Include="17_containMinDataOfStack.h">
      <Filter>剑指Offer</Filter>
    </ClInclude>
    <ClInclude Include="18_IsPopOrder.h">
      <Filter>剑指Offer</Filter>
    </ClInclude>
    <ClInclude Include="19_printBinaryTreeFromTopToBtm.h">
      <Filter>剑指Offer</Filter>
    </ClInclude>
    <ClInclude Include="20_verifySequenceOfBST.h">
      <Filter>剑指Offer</Filter>
    </ClInclude>
    <ClInclude Include="21_findPath.h">
      <Filter>剑指Offer</Filter>
    </ClInclude>
    <ClInclude Include="22_complexListClone.h">
      <Filter>剑指Offer</Filter>
    </ClInclude>
    <ClInclude Include="24_permutation.h">
      <Filter>剑指Offer</Filter>
    </ClInclude>
    <ClInclude Include="23_bSearchTreeConvertDoubleList.h">
      <Filter>剑指Offer</Filter>
    </ClInclude>
    <ClInclude Include="25_moreThanHalfNum.h">
      <Filter>剑指Offer</Filter>
    </ClInclude>
  </ItemGroup>
  <ItemGroup>
    <None Include="readme.txt" />
  </ItemGroup>
</Project>